
Microsoft Visual Studio Solution File, Format Version 12.00
# Visual Studio Version 17
VisualStudioVersion = 17.0.32112.339
MinimumVisualStudioVersion = 10.0.40219.1
Project("{FAE04EC0-301F-11D3-BF4B-00C04F79EFBC}") = "Observer", "Observer\Observer.csproj", "{541F18D3-F2C2-44BE-8B89-063F27C0276A}"
EndProject
Global
	GlobalSection(SolutionConfigurationPlatforms) = preSolution
		Debug|Any CPU = Debug|Any CPU
		Release|Any CPU = Release|Any CPU
	EndGlobalSection
	GlobalSection(ProjectConfigurationPlatforms) = postSolution
		{541F18D3-F2C2-44BE-8B89-063F27C0276A}.Debug|Any CPU.ActiveCfg = Debug|Any CPU
		{541F18D3-F2C2-44BE-8B89-063F27C0276A}.Debug|Any CPU.Build.0 = Debug|Any CPU
		{541F18D3-F2C2-44BE-8B89-063F27C0276A}.Release|Any CPU.ActiveCfg = Release|Any CPU
		{541F18D3-F2C2-44BE-8B89-063F27C0276A}.Release|Any CPU.Build.0 = Release|Any CPU
	EndGlobalSection
	GlobalSection(SolutionProperties) = preSolution
		HideSolutionNode = FALSE
	EndGlobalSection
	GlobalSection(ExtensibilityGlobals) = postSolution
		SolutionGuid = {02D0AE0D-8629-46D1-93AE-D8E1E722D6E9}
	EndGlobalSection
EndGlobal
